
Microsoft Visual Studio Solution File, Format Version 12.00
# Visual Studio Version 17
VisualStudioVersion = 17.4.33213.308
MinimumVisualStudioVersion = 10.0.40219.1
Project("{FAE04EC0-301F-11D3-BF4B-00C04F79EFBC}") = "API", "API\API.csproj", "{5CB014F3-2973-4FB1-88D3-0BB0718E588C}"
EndProject
Global
	GlobalSection(SolutionConfigurationPlatforms) = preSolution
		Debug|Any CPU = Debug|Any CPU
		Release|Any CPU = Release|Any CPU
	EndGlobalSection
	GlobalSection(ProjectConfigurationPlatforms) = postSolution
		{5CB014F3-2973-4FB1-88D3-0BB0718E588C}.Debug|Any CPU.ActiveCfg = Debug|Any CPU
		{5CB014F3-2973-4FB1-88D3-0BB0718E588C}.Debug|Any CPU.Build.0 = Debug|Any CPU
		{5CB014F3-2973-4FB1-88D3-0BB0718E588C}.Release|Any CPU.ActiveCfg = Release|Any CPU
		{5CB014F3-2973-4FB1-88D3-0BB0718E588C}.Release|Any CPU.Build.0 = Release|Any CPU
	EndGlobalSection
	GlobalSection(SolutionProperties) = preSolution
		HideSolutionNode = FALSE
	EndGlobalSection
	GlobalSection(ExtensibilityGlobals) = postSolution
		SolutionGuid = {D76F8561-0745-4B37-86EA-6C741BE4B38A}
	EndGlobalSection
EndGlobal
